version = 1
revision = 3
requires-python = ">=3.13"
resolution-markers = [
    "python_full_version >= '3.14' and sys_platform == 'win32'",
    "python_full_version >= '3.14' and sys_platform == 'emscripten'",
    "python_full_version >= '3.14' and sys_platform != 'emscripten' and sys_platform != 'win32'",
    "python_full_version < '3.14' and sys_platform == 'win32'",
    "python_full_version < '3.14' and sys_platform == 'emscripten'",
    "python_full_version < '3.14' and sys_platform != 'emscripten' and sys_platform != 'win32'",
]

[[package]]
name = "numpy"
version = "2.4.1"
source = { registry = "https://pypi.org/simple" }
sdist = { url = "https://files.pythonhosted.org/packages/24/62/ae72ff66c0f1fd959925b4c11f8c2dea61f47f6acaea75a08512cdfe3fed/numpy-2.4.1.tar.gz", hash = "sha256:a1ceafc5042451a858231588a104093474c6a5c57dcc724841f5c888d237d690", size = 20721320, upload-time = "2026-01-10T06:44:59.619Z" }
wheels = [
    { url = "https://files.pythonhosted.org/packages/04/68/732d4b7811c00775f3bd522a21e8dd5a23f77eb11acdeb663e4a4ebf0ef4/numpy-2.4.1-cp313-cp313-macosx_10_13_x86_64.whl", hash = "sha256:d797454e37570cfd61143b73b8debd623c3c0952959adb817dd310a483d58a1b", size = 16652495, upload-time = "2026-01-10T06:43:06.283Z" },
    { url = "https://files.pythonhosted.org/packages/20/ca/857722353421a27f1465652b2c66813eeeccea9d76d5f7b74b99f298e60e/numpy-2.4.1-cp313-cp313-macosx_11_0_arm64.whl", hash = "sha256:82c55962006156aeef1629b953fd359064aa47e4d82cfc8e67f0918f7da3344f", size = 12368657, upload-time = "2026-01-10T06:43:09.094Z" },
    { url = "https://files.pythonhosted.org/packages/81/0d/2377c917513449cc6240031a79d30eb9a163d32a91e79e0da47c43f2c0c8/numpy-2.4.1-cp313-cp313-macosx_14_0_arm64.whl", hash = "sha256:71abbea030f2cfc3092a0ff9f8c8fdefdc5e0bf7d9d9c99663538bb0ecdac0b9", size = 5197256, upload-time = "2026-01-10T06:43:13.634Z" },
    { url = "https://files.pythonhosted.org/packages/17/39/569452228de3f5de9064ac75137082c6214be1f5c532016549a7923ab4b5/numpy-2.4.1-cp313-cp313-macosx_14_0_x86_64.whl", hash = "sha256:5b55aa56165b17aaf15520beb9cbd33c9039810e0d9643dd4379e44294c7303e", size = 6545212, upload-time = "2026-01-10T06:43:15.661Z" },
    { url = "https://files.pythonhosted.org/packages/8c/a4/77333f4d1e4dac4395385482557aeecf4826e6ff517e32ca48e1dafbe42a/numpy-2.4.1-cp313-cp313-manylinux_2_27_aarch64.manylinux_2_28_aarch64.whl", hash = "sha256:c0faba4a331195bfa96f93dd9dfaa10b2c7aa8cda3a02b7fd635e588fe821bf5", size = 14402871, upload-time = "2026-01-10T06:43:17.324Z" },
    { url = "https://files.pythonhosted.org/packages/ba/87/d341e519956273b39d8d47969dd1eaa1af740615394fe67d06f1efa68773/numpy-2.4.1-cp313-cp313-manylinux_2_27_x86_64.manylinux_2_28_x86_64.whl", hash = "sha256:d3e3087f53e2b4428766b54932644d148613c5a595150533ae7f00dab2f319a8", size = 16359305, upload-time = "2026-01-10T06:43:19.376Z" },
    { url = "https://files.pythonhosted.org/packages/32/91/789132c6666288eaa20ae8066bb99eba1939362e8f1a534949a215246e97/numpy-2.4.1-cp313-cp313-musllinux_1_2_aarch64.whl", hash = "sha256:49e792ec351315e16da54b543db06ca8a86985ab682602d90c60ef4ff4db2a9c", size = 16181909, upload-time = "2026-01-10T06:43:21.808Z" },
    { url = "https://files.pythonhosted.org/packages/cf/b8/090b8bd27b82a844bb22ff8fdf7935cb1980b48d6e439ae116f53cdc2143/numpy-2.4.1-cp313-cp313-musllinux_1_2_x86_64.whl", hash = "sha256:79e9e06c4c2379db47f3f6fc7a8652e7498251789bf8ff5bd43bf478ef314ca2", size = 18284380, upload-time = "2026-01-10T06:43:23.957Z" },
    { url = "https://files.pythonhosted.org/packages/67/78/722b62bd31842ff029412271556a1a27a98f45359dea78b1548a3a9996aa/numpy-2.4.1-cp313-cp313-win32.whl", hash = "sha256:3d1a100e48cb266090a031397863ff8a30050ceefd798f686ff92c67a486753d", size = 5957089, upload-time = "2026-01-10T06:43:27.535Z" },
    { url = "https://files.pythonhosted.org/packages/da/a6/cf32198b0b6e18d4fbfa9a21a992a7fca535b9bb2b0cdd217d4a3445b5ca/numpy-2.4.1-cp313-cp313-win_amd64.whl", hash = "sha256:92a0e65272fd60bfa0d9278e0484c2f52fe03b97aedc02b357f33fe752c52ffb", size = 12307230, upload-time = "2026-01-10T06:43:29.298Z" },
    { url = "https://files.pythonhosted.org/packages/44/6c/534d692bfb7d0afe30611320c5fb713659dcb5104d7cc182aff2aea092f5/numpy-2.4.1-cp313-cp313-win_arm64.whl", hash = "sha256:20d4649c773f66cc2fc36f663e091f57c3b7655f936a4c681b4250855d1da8f5", size = 10313125, upload-time = "2026-01-10T06:43:31.782Z" },
    { url = "https://files.pythonhosted.org/packages/da/a1/354583ac5c4caa566de6ddfbc42744409b515039e085fab6e0ff942e0df5/numpy-2.4.1-cp313-cp313t-macosx_11_0_arm64.whl", hash = "sha256:f93bc6892fe7b0663e5ffa83b61aab510aacffd58c16e012bb9352d489d90cb7", size = 12496156, upload-time = "2026-01-10T06:43:34.237Z" },
    { url = "https://files.pythonhosted.org/packages/51/b0/42807c6e8cce58c00127b1dc24d365305189991f2a7917aa694a109c8d7d/numpy-2.4.1-cp313-cp313t-macosx_14_0_arm64.whl", hash = "sha256:178de8f87948163d98a4c9ab5bee4ce6519ca918926ec8df195af582de28544d", size = 5324663, upload-time = "2026-01-10T06:43:36.211Z" },
    { url = "https://files.pythonhosted.org/packages/fe/55/7a621694010d92375ed82f312b2f28017694ed784775269115323e37f5e2/numpy-2.4.1-cp313-cp313t-macosx_14_0_x86_64.whl", hash = "sha256:98b35775e03ab7f868908b524fc0a84d38932d8daf7b7e1c3c3a1b6c7a2c9f15", size = 6645224, upload-time = "2026-01-10T06:43:37.884Z" },
    { url = "https://files.pythonhosted.org/packages/50/96/9fa8635ed9d7c847d87e30c834f7109fac5e88549d79ef3324ab5c20919f/numpy-2.4.1-cp313-cp313t-manylinux_2_27_aarch64.manylinux_2_28_aarch64.whl", hash = "sha256:941c2a93313d030f219f3a71fd3d91a728b82979a5e8034eb2e60d394a2b83f9", size = 14462352, upload-time = "2026-01-10T06:43:39.479Z" },
    { url = "https://files.pythonhosted.org/packages/03/d1/8cf62d8bb2062da4fb82dd5d49e47c923f9c0738032f054e0a75342faba7/numpy-2.4.1-cp313-cp313t-manylinux_2_27_x86_64.manylinux_2_28_x86_64.whl", hash = "sha256:529050522e983e00a6c1c6b67411083630de8b57f65e853d7b03d9281b8694d2", size = 16407279, upload-time = "2026-01-10T06:43:41.93Z" },
    { url = "https://files.pythonhosted.org/packages/86/1c/95c86e17c6b0b31ce6ef219da00f71113b220bcb14938c8d9a05cee0ff53/numpy-2.4.1-cp313-cp313t-musllinux_1_2_aarch64.whl", hash = "sha256:2302dc0224c1cbc49bb94f7064f3f923a971bfae45c33870dcbff63a2a550505", size = 16248316, upload-time = "2026-01-10T06:43:44.121Z" },
    { url = "https://files.pythonhosted.org/packages/30/b4/e7f5ff8697274c9d0fa82398b6a372a27e5cef069b37df6355ccb1f1db1a/numpy-2.4.1-cp313-cp313t-musllinux_1_2_x86_64.whl", hash = "sha256:9171a42fcad32dcf3fa86f0a4faa5e9f8facefdb276f54b8b390d90447cff4e2", size = 18329884, upload-time = "2026-01-10T06:43:46.613Z" },
    { url = "https://files.pythonhosted.org/packages/37/a4/b073f3e9d77f9aec8debe8ca7f9f6a09e888ad1ba7488f0c3b36a94c03ac/numpy-2.4.1-cp313-cp313t-win32.whl", hash = "sha256:382ad67d99ef49024f11d1ce5dcb5ad8432446e4246a4b014418ba3a1175a1f4", size = 6081138, upload-time = "2026-01-10T06:43:48.854Z" },
    { url = "https://files.pythonhosted.org/packages/16/16/af42337b53844e67752a092481ab869c0523bc95c4e5c98e4dac4e9581ac/numpy-2.4.1-cp313-cp313t-win_amd64.whl", hash = "sha256:62fea415f83ad8fdb6c20840578e5fbaf5ddd65e0ec6c3c47eda0f69da172510", size = 12447478, upload-time = "2026-01-10T06:43:50.476Z" },
    { url = "https://files.pythonhosted.org/packages/6c/f8/fa85b2eac68ec631d0b631abc448552cb17d39afd17ec53dcbcc3537681a/numpy-2.4.1-cp313-cp313t-win_arm64.whl", hash = "sha256:a7870e8c5fc11aef57d6fea4b4085e537a3a60ad2cdd14322ed531fdca68d261", size = 10382981, upload-time = "2026-01-10T06:43:52.575Z" },
    { url = "https://files.pythonhosted.org/packages/1b/a7/ef08d25698e0e4b4efbad8d55251d20fe2a15f6d9aa7c9b30cd03c165e6f/numpy-2.4.1-cp314-cp314-macosx_10_15_x86_64.whl", hash = "sha256:3869ea1ee1a1edc16c29bbe3a2f2a4e515cc3a44d43903ad41e0cacdbaf733dc", size = 16652046, upload-time = "2026-01-10T06:43:54.797Z" },
    { url = "https://files.pythonhosted.org/packages/8f/39/e378b3e3ca13477e5ac70293ec027c438d1927f18637e396fe90b1addd72/numpy-2.4.1-cp314-cp314-macosx_11_0_arm64.whl", hash = "sha256:e867df947d427cdd7a60e3e271729090b0f0df80f5f10ab7dd436f40811699c3", size = 12378858, upload-time = "2026-01-10T06:43:57.099Z" },
    { url = "https://files.pythonhosted.org/packages/c3/74/7ec6154f0006910ed1fdbb7591cf4432307033102b8a22041599935f8969/numpy-2.4.1-cp314-cp314-macosx_14_0_arm64.whl", hash = "sha256:e3bd2cb07841166420d2fa7146c96ce00cb3410664cbc1a6be028e456c4ee220", size = 5207417, upload-time = "2026-01-10T06:43:59.037Z" },
    { url = "https://files.pythonhosted.org/packages/f7/b7/053ac11820d84e42f8feea5cb81cc4fcd1091499b45b1ed8c7415b1bf831/numpy-2.4.1-cp314-cp314-macosx_14_0_x86_64.whl", hash = "sha256:f0a90aba7d521e6954670550e561a4cb925713bd944445dbe9e729b71f6cabee", size = 6542643, upload-time = "2026-01-10T06:44:01.852Z" },
    { url = "https://files.pythonhosted.org/packages/c0/c4/2e7908915c0e32ca636b92e4e4a3bdec4cb1e7eb0f8aedf1ed3c68a0d8cd/numpy-2.4.1-cp314-cp314-manylinux_2_27_aarch64.manylinux_2_28_aarch64.whl", hash = "sha256:5d558123217a83b2d1ba316b986e9248a1ed1971ad495963d555ccd75dcb1556", size = 14418963, upload-time = "2026-01-10T06:44:04.047Z" },
    { url = "https://files.pythonhosted.org/packages/eb/c0/3ed5083d94e7ffd7c404e54619c088e11f2e1939a9544f5397f4adb1b8ba/numpy-2.4.1-cp314-cp314-manylinux_2_27_x86_64.manylinux_2_28_x86_64.whl", hash = "sha256:2f44de05659b67d20499cbc96d49f2650769afcb398b79b324bb6e297bfe3844", size = 16363811, upload-time = "2026-01-10T06:44:06.207Z" },
    { url = "https://files.pythonhosted.org/packages/0e/68/42b66f1852bf525050a67315a4fb94586ab7e9eaa541b1bef530fab0c5dd/numpy-2.4.1-cp314-cp314-musllinux_1_2_aarch64.whl", hash = "sha256:69e7419c9012c4aaf695109564e3387f1259f001b4326dfa55907b098af082d3", size = 16197643, upload-time = "2026-01-10T06:44:08.33Z" },
    { url = "https://files.pythonhosted.org/packages/d2/40/e8714fc933d85f82c6bfc7b998a0649ad9769a32f3494ba86598aaf18a48/numpy-2.4.1-cp314-cp314-musllinux_1_2_x86_64.whl", hash = "sha256:2ffd257026eb1b34352e749d7cc1678b5eeec3e329ad8c9965a797e08ccba205", size = 18289601, upload-time = "2026-01-10T06:44:10.841Z" },
    { url = "https://files.pythonhosted.org/packages/80/9a/0d44b468cad50315127e884802351723daca7cf1c98d102929468c81d439/numpy-2.4.1-cp314-cp314-win32.whl", hash = "sha256:727c6c3275ddefa0dc078524a85e064c057b4f4e71ca5ca29a19163c607be745", size = 6005722, upload-time = "2026-01-10T06:44:13.332Z" },
    { url = "https://files.pythonhosted.org/packages/7e/bb/c6513edcce5a831810e2dddc0d3452ce84d208af92405a0c2e58fd8e7881/numpy-2.4.1-cp314-cp314-win_amd64.whl", hash = "sha256:7d5d7999df434a038d75a748275cd6c0094b0ecdb0837342b332a82defc4dc4d", size = 12438590, upload-time = "2026-01-10T06:44:15.006Z" },
    { url = "https://files.pythonhosted.org/packages/e9/da/a598d5cb260780cf4d255102deba35c1d072dc028c4547832f45dd3323a8/numpy-2.4.1-cp314-cp314-win_arm64.whl", hash = "sha256:ce9ce141a505053b3c7bce3216071f3bf5c182b8b28930f14cd24d43932cd2df", size = 10596180, upload-time = "2026-01-10T06:44:17.386Z" },
    { url = "https://files.pythonhosted.org/packages/de/bc/ea3f2c96fcb382311827231f911723aeff596364eb6e1b6d1d91128aa29b/numpy-2.4.1-cp314-cp314t-macosx_11_0_arm64.whl", hash = "sha256:4e53170557d37ae404bf8d542ca5b7c629d6efa1117dac6a83e394142ea0a43f", size = 12498774, upload-time = "2026-01-10T06:44:19.467Z" },
    { url = "https://files.pythonhosted.org/packages/aa/ab/ef9d939fe4a812648c7a712610b2ca6140b0853c5efea361301006c02ae5/numpy-2.4.1-cp314-cp314t-macosx_14_0_arm64.whl", hash = "sha256:a73044b752f5d34d4232f25f18160a1cc418ea4507f5f11e299d8ac36875f8a0", size = 5327274, upload-time = "2026-01-10T06:44:23.189Z" },
    { url = "https://files.pythonhosted.org/packages/bd/31/d381368e2a95c3b08b8cf7faac6004849e960f4a042d920337f71cef0cae/numpy-2.4.1-cp314-cp314t-macosx_14_0_x86_64.whl", hash = "sha256:fb1461c99de4d040666ca0444057b06541e5642f800b71c56e6ea92d6a853a0c", size = 6648306, upload-time = "2026-01-10T06:44:25.012Z" },
    { url = "https://files.pythonhosted.org/packages/c8/e5/0989b44ade47430be6323d05c23207636d67d7362a1796ccbccac6773dd2/numpy-2.4.1-cp314-cp314t-manylinux_2_27_aarch64.manylinux_2_28_aarch64.whl", hash = "sha256:423797bdab2eeefbe608d7c1ec7b2b4fd3c58d51460f1ee26c7500a1d9c9ee93", size = 14464653, upload-time = "2026-01-10T06:44:26.706Z" },
    { url = "https://files.pythonhosted.org/packages/10/a7/cfbe475c35371cae1358e61f20c5f075badc18c4797ab4354140e1d283cf/numpy-2.4.1-cp314-cp314t-manylinux_2_27_x86_64.manylinux_2_28_x86_64.whl", hash = "sha256:52b5f61bdb323b566b528899cc7db2ba5d1015bda7ea811a8bcf3c89c331fa42", size = 16405144, upload-time = "2026-01-10T06:44:29.378Z" },
    { url = "https://files.pythonhosted.org/packages/f8/a3/0c63fe66b534888fa5177cc7cef061541064dbe2b4b60dcc60ffaf0d2157/numpy-2.4.1-cp314-cp314t-musllinux_1_2_aarch64.whl", hash = "sha256:42d7dd5fa36d16d52a84f821eb96031836fd405ee6955dd732f2023724d0aa01", size = 16247425, upload-time = "2026-01-10T06:44:31.721Z" },
    { url = "https://files.pythonhosted.org/packages/6b/2b/55d980cfa2c93bd40ff4c290bf824d792bd41d2fe3487b07707559071760/numpy-2.4.1-cp314-cp314t-musllinux_1_2_x86_64.whl", hash = "sha256:e7b6b5e28bbd47b7532698e5db2fe1db693d84b58c254e4389d99a27bb9b8f6b", size = 18330053, upload-time = "2026-01-10T06:44:34.617Z" },
    { url = "https://files.pythonhosted.org/packages/23/12/8b5fc6b9c487a09a7957188e0943c9ff08432c65e34567cabc1623b03a51/numpy-2.4.1-cp314-cp314t-win32.whl", hash = "sha256:5de60946f14ebe15e713a6f22850c2372fa72f4ff9a432ab44aa90edcadaa65a", size = 6152482, upload-time = "2026-01-10T06:44:36.798Z" },
    { url = "https://files.pythonhosted.org/packages/00/a5/9f8ca5856b8940492fc24fbe13c1bc34d65ddf4079097cf9e53164d094e1/numpy-2.4.1-cp314-cp314t-win_amd64.whl", hash = "sha256:8f085da926c0d491ffff3096f91078cc97ea67e7e6b65e490bc8dcda65663be2", size = 12627117, upload-time = "2026-01-10T06:44:38.828Z" },
    { url = "https://files.pythonhosted.org/packages/ad/0d/eca3d962f9eef265f01a8e0d20085c6dd1f443cbffc11b6dede81fd82356/numpy-2.4.1-cp314-cp314t-win_arm64.whl", hash = "sha256:6436cffb4f2bf26c974344439439c95e152c9a527013f26b3577be6c2ca64295", size = 10667121, upload-time = "2026-01-10T06:44:41.644Z" },
]

[[package]]
name = "pandas"
version = "3.0.0"
source = { registry = "https://pypi.org/simple" }
dependencies = [
    { name = "numpy" },
    { name = "python-dateutil" },
    { name = "tzdata", marker = "sys_platform == 'emscripten' or sys_platform == 'win32'" },
]
sdist = { url = "https://files.pythonhosted.org/packages/de/da/b1dc0481ab8d55d0f46e343cfe67d4551a0e14fcee52bd38ca1bd73258d8/pandas-3.0.0.tar.gz", hash = "sha256:0facf7e87d38f721f0af46fe70d97373a37701b1c09f7ed7aeeb292ade5c050f", size = 4633005, upload-time = "2026-01-21T15:52:04.726Z" }
wheels = [
    { url = "https://files.pythonhosted.org/packages/6f/fa/7f0ac4ca8877c57537aaff2a842f8760e630d8e824b730eb2e859ffe96ca/pandas-3.0.0-cp313-cp313-macosx_10_13_x86_64.whl", hash = "sha256:b78d646249b9a2bc191040988c7bb524c92fa8534fb0898a0741d7e6f2ffafa6", size = 10307129, upload-time = "2026-01-21T15:50:52.877Z" },
    { url = "https://files.pythonhosted.org/packages/6f/11/28a221815dcea4c0c9414dfc845e34a84a6a7dabc6da3194498ed5ba4361/pandas-3.0.0-cp313-cp313-macosx_11_0_arm64.whl", hash = "sha256:bc9cba7b355cb4162442a88ce495e01cb605f17ac1e27d6596ac963504e0305f", size = 9850201, upload-time = "2026-01-21T15:50:54.807Z" },
    { url = "https://files.pythonhosted.org/packages/ba/da/53bbc8c5363b7e5bd10f9ae59ab250fc7a382ea6ba08e4d06d8694370354/pandas-3.0.0-cp313-cp313-manylinux_2_24_aarch64.manylinux_2_28_aarch64.whl", hash = "sha256:3c9a1a149aed3b6c9bf246033ff91e1b02d529546c5d6fb6b74a28fea0cf4c70", size = 10354031, upload-time = "2026-01-21T15:50:57.463Z" },
    { url = "https://files.pythonhosted.org/packages/f7/a3/51e02ebc2a14974170d51e2410dfdab58870ea9bcd37cda15bd553d24dc4/pandas-3.0.0-cp313-cp313-manylinux_2_24_x86_64.manylinux_2_28_x86_64.whl", hash = "sha256:95683af6175d884ee89471842acfca29172a85031fccdabc35e50c0984470a0e", size = 10861165, upload-time = "2026-01-21T15:50:59.32Z" },
    { url = "https://files.pythonhosted.org/packages/a5/fe/05a51e3cac11d161472b8297bd41723ea98013384dd6d76d115ce3482f9b/pandas-3.0.0-cp313-cp313-musllinux_1_2_aarch64.whl", hash = "sha256:1fbbb5a7288719e36b76b4f18d46ede46e7f916b6c8d9915b756b0a6c3f792b3", size = 11359359, upload-time = "2026-01-21T15:51:02.014Z" },
    { url = "https://files.pythonhosted.org/packages/ee/56/ba620583225f9b85a4d3e69c01df3e3870659cc525f67929b60e9f21dcd1/pandas-3.0.0-cp313-cp313-musllinux_1_2_x86_64.whl", hash = "sha256:8e8b9808590fa364416b49b2a35c1f4cf2785a6c156935879e57f826df22038e", size = 11912907, upload-time = "2026-01-21T15:51:05.175Z" },
    { url = "https://files.pythonhosted.org/packages/c9/8c/c6638d9f67e45e07656b3826405c5cc5f57f6fd07c8b2572ade328c86e22/pandas-3.0.0-cp313-cp313-win_amd64.whl", hash = "sha256:98212a38a709feb90ae658cb6227ea3657c22ba8157d4b8f913cd4c950de5e7e", size = 9732138, upload-time = "2026-01-21T15:51:07.569Z" },
    { url = "https://files.pythonhosted.org/packages/7b/bf/bd1335c3bf1770b6d8fed2799993b11c4971af93bb1b729b9ebbc02ca2ec/pandas-3.0.0-cp313-cp313-win_arm64.whl", hash = "sha256:177d9df10b3f43b70307a149d7ec49a1229a653f907aa60a48f1877d0e6be3be", size = 9033568, upload-time = "2026-01-21T15:51:09.484Z" },
    { url = "https://files.pythonhosted.org/packages/8e/c6/f5e2171914d5e29b9171d495344097d54e3ffe41d2d85d8115baba4dc483/pandas-3.0.0-cp313-cp313t-macosx_10_13_x86_64.whl", hash = "sha256:2713810ad3806767b89ad3b7b69ba153e1c6ff6d9c20f9c2140379b2a98b6c98", size = 10741936, upload-time = "2026-01-21T15:51:11.693Z" },
    { url = "https://files.pythonhosted.org/packages/51/88/9a0164f99510a1acb9f548691f022c756c2314aad0d8330a24616c14c462/pandas-3.0.0-cp313-cp313t-macosx_11_0_arm64.whl", hash = "sha256:15d59f885ee5011daf8335dff47dcb8a912a27b4ad7826dc6cbe809fd145d327", size = 10393884, upload-time = "2026-01-21T15:51:14.197Z" },
    { url = "https://files.pythonhosted.org/packages/e0/53/b34d78084d88d8ae2b848591229da8826d1e65aacf00b3abe34023467648/pandas-3.0.0-cp313-cp313t-manylinux_2_24_aarch64.manylinux_2_28_aarch64.whl", hash = "sha256:24e6547fb64d2c92665dd2adbfa4e85fa4fd70a9c070e7cfb03b629a0bbab5eb", size = 10310740, upload-time = "2026-01-21T15:51:16.093Z" },
    { url = "https://files.pythonhosted.org/packages/5b/d3/bee792e7c3d6930b74468d990604325701412e55d7aaf47460a22311d1a5/pandas-3.0.0-cp313-cp313t-manylinux_2_24_x86_64.manylinux_2_28_x86_64.whl", hash = "sha256:48ee04b90e2505c693d3f8e8f524dab8cb8aaf7ddcab52c92afa535e717c4812", size = 10700014, upload-time = "2026-01-21T15:51:18.818Z" },
    { url = "https://files.pythonhosted.org/packages/55/db/2570bc40fb13aaed1cbc3fbd725c3a60ee162477982123c3adc8971e7ac1/pandas-3.0.0-cp313-cp313t-musllinux_1_2_aarch64.whl", hash = "sha256:66f72fb172959af42a459e27a8d8d2c7e311ff4c1f7db6deb3b643dbc382ae08", size = 11323737, upload-time = "2026-01-21T15:51:20.784Z" },
    { url = "https://files.pythonhosted.org/packages/bc/2e/297ac7f21c8181b62a4cccebad0a70caf679adf3ae5e83cb676194c8acc3/pandas-3.0.0-cp313-cp313t-musllinux_1_2_x86_64.whl", hash = "sha256:4a4a400ca18230976724a5066f20878af785f36c6756e498e94c2a5e5d57779c", size = 11771558, upload-time = "2026-01-21T15:51:22.977Z" },
    { url = "https://files.pythonhosted.org/packages/0a/46/e1c6876d71c14332be70239acce9ad435975a80541086e5ffba2f249bcf6/pandas-3.0.0-cp313-cp313t-win_amd64.whl", hash = "sha256:940eebffe55528074341a5a36515f3e4c5e25e958ebbc764c9502cfc35ba3faa", size = 10473771, upload-time = "2026-01-21T15:51:25.285Z" },
    { url = "https://files.pythonhosted.org/packages/c0/db/0270ad9d13c344b7a36fa77f5f8344a46501abf413803e885d22864d10bf/pandas-3.0.0-cp314-cp314-macosx_10_15_x86_64.whl", hash = "sha256:597c08fb9fef0edf1e4fa2f9828dd27f3d78f9b8c9b4a748d435ffc55732310b", size = 10312075, upload-time = "2026-01-21T15:51:28.5Z" },
    { url = "https://files.pythonhosted.org/packages/09/9f/c176f5e9717f7c91becfe0f55a52ae445d3f7326b4a2cf355978c51b7913/pandas-3.0.0-cp314-cp314-macosx_11_0_arm64.whl", hash = "sha256:447b2d68ac5edcbf94655fe909113a6dba6ef09ad7f9f60c80477825b6c489fe", size = 9900213, upload-time = "2026-01-21T15:51:30.955Z" },
    { url = "https://files.pythonhosted.org/packages/d9/e7/63ad4cc10b257b143e0a5ebb04304ad806b4e1a61c5da25f55896d2ca0f4/pandas-3.0.0-cp314-cp314-manylinux_2_24_aarch64.manylinux_2_28_aarch64.whl", hash = "sha256:debb95c77ff3ed3ba0d9aa20c3a2f19165cc7956362f9873fce1ba0a53819d70", size = 10428768, upload-time = "2026-01-21T15:51:33.018Z" },
    { url = "https://files.pythonhosted.org/packages/9e/0e/4e4c2d8210f20149fd2248ef3fff26623604922bd564d915f935a06dd63d/pandas-3.0.0-cp314-cp314-manylinux_2_24_x86_64.manylinux_2_28_x86_64.whl", hash = "sha256:fedabf175e7cd82b69b74c30adbaa616de301291a5231138d7242596fc296a8d", size = 10882954, upload-time = "2026-01-21T15:51:35.287Z" },
    { url = "https://files.pythonhosted.org/packages/c6/60/c9de8ac906ba1f4d2250f8a951abe5135b404227a55858a75ad26f84db47/pandas-3.0.0-cp314-cp314-musllinux_1_2_aarch64.whl", hash = "sha256:412d1a89aab46889f3033a386912efcdfa0f1131c5705ff5b668dda88305e986", size = 11430293, upload-time = "2026-01-21T15:51:37.57Z" },
    { url = "https://files.pythonhosted.org/packages/a1/69/806e6637c70920e5787a6d6896fd707f8134c2c55cd761e7249a97b7dc5a/pandas-3.0.0-cp314-cp314-musllinux_1_2_x86_64.whl", hash = "sha256:e979d22316f9350c516479dd3a92252be2937a9531ed3a26ec324198a99cdd49", size = 11952452, upload-time = "2026-01-21T15:51:39.618Z" },
    { url = "https://files.pythonhosted.org/packages/cb/de/918621e46af55164c400ab0ef389c9d969ab85a43d59ad1207d4ddbe30a5/pandas-3.0.0-cp314-cp314-win_amd64.whl", hash = "sha256:083b11415b9970b6e7888800c43c82e81a06cd6b06755d84804444f0007d6bb7", size = 9851081, upload-time = "2026-01-21T15:51:41.758Z" },
    { url = "https://files.pythonhosted.org/packages/91/a1/3562a18dd0bd8c73344bfa26ff90c53c72f827df119d6d6b1dacc84d13e3/pandas-3.0.0-cp314-cp314-win_arm64.whl", hash = "sha256:5db1e62cb99e739fa78a28047e861b256d17f88463c76b8dafc7c1338086dca8", size = 9174610, upload-time = "2026-01-21T15:51:44.312Z" },
    { url = "https://files.pythonhosted.org/packages/ce/26/430d91257eaf366f1737d7a1c158677caaf6267f338ec74e3a1ec444111c/pandas-3.0.0-cp314-cp314t-macosx_10_15_x86_64.whl", hash = "sha256:697b8f7d346c68274b1b93a170a70974cdc7d7354429894d5927c1effdcccd73", size = 10761999, upload-time = "2026-01-21T15:51:46.899Z" },
    { url = "https://files.pythonhosted.org/packages/ec/1a/954eb47736c2b7f7fe6a9d56b0cb6987773c00faa3c6451a43db4beb3254/pandas-3.0.0-cp314-cp314t-macosx_11_0_arm64.whl", hash = "sha256:8cb3120f0d9467ed95e77f67a75e030b67545bcfa08964e349252d674171def2", size = 10410279, upload-time = "2026-01-21T15:51:48.89Z" },
    { url = "https://files.pythonhosted.org/packages/20/fc/b96f3a5a28b250cd1b366eb0108df2501c0f38314a00847242abab71bb3a/pandas-3.0.0-cp314-cp314t-manylinux_2_24_aarch64.manylinux_2_28_aarch64.whl", hash = "sha256:33fd3e6baa72899746b820c31e4b9688c8e1b7864d7aec2de7ab5035c285277a", size = 10330198, upload-time = "2026-01-21T15:51:51.015Z" },
    { url = "https://files.pythonhosted.org/packages/90/b3/d0e2952f103b4fbef1ef22d0c2e314e74fc9064b51cee30890b5e3286ee6/pandas-3.0.0-cp314-cp314t-manylinux_2_24_x86_64.manylinux_2_28_x86_64.whl", hash = "sha256:a8942e333dc67ceda1095227ad0febb05a3b36535e520154085db632c40ad084", size = 10728513, upload-time = "2026-01-21T15:51:53.387Z" },
    { url = "https://files.pythonhosted.org/packages/76/81/832894f286df828993dc5fd61c63b231b0fb73377e99f6c6c369174cf97e/pandas-3.0.0-cp314-cp314t-musllinux_1_2_aarch64.whl", hash = "sha256:783ac35c4d0fe0effdb0d67161859078618b1b6587a1af15928137525217a721", size = 11345550, upload-time = "2026-01-21T15:51:55.329Z" },
    { url = "https://files.pythonhosted.org/packages/34/a0/ed160a00fb4f37d806406bc0a79a8b62fe67f29d00950f8d16203ff3409b/pandas-3.0.0-cp314-cp314t-musllinux_1_2_x86_64.whl", hash = "sha256:125eb901e233f155b268bbef9abd9afb5819db74f0e677e89a61b246228c71ac", size = 11799386, upload-time = "2026-01-21T15:51:57.457Z" },
    { url = "https://files.pythonhosted.org/packages/36/c8/2ac00d7255252c5e3cf61b35ca92ca25704b0188f7454ca4aec08a33cece/pandas-3.0.0-cp314-cp314t-win_amd64.whl", hash = "sha256:b86d113b6c109df3ce0ad5abbc259fe86a1bd4adfd4a31a89da42f84f65509bb", size = 10873041, upload-time = "2026-01-21T15:52:00.034Z" },
    { url = "https://files.pythonhosted.org/packages/e6/3f/a80ac00acbc6b35166b42850e98a4f466e2c0d9c64054161ba9620f95680/pandas-3.0.0-cp314-cp314t-win_arm64.whl", hash = "sha256:1c39eab3ad38f2d7a249095f0a3d8f8c22cc0f847e98ccf5bbe732b272e2d9fa", size = 9441003, upload-time = "2026-01-21T15:52:02.281Z" },
]

[[package]]
name = "pipeline"
version = "0.1.0"
source = { virtual = "." }
dependencies = [
    { name = "pandas" },
    { name = "pyarrow" },
]

[package.metadata]
requires-dist = [
    { name = "pandas", specifier = ">=3.0.0" },
    { name = "pyarrow", specifier = ">=23.0.0" },
]

[[package]]
name = "pyarrow"
version = "23.0.0"
source = { registry = "https://pypi.org/simple" }
sdist = { url = "https://files.pythonhosted.org/packages/01/33/ffd9c3eb087fa41dd79c3cf20c4c0ae3cdb877c4f8e1107a446006344924/pyarrow-23.0.0.tar.gz", hash = "sha256:180e3150e7edfcd182d3d9afba72f7cf19839a497cc76555a8dce998a8f67615", size = 1167185, upload-time = "2026-01-18T16:19:42.218Z" }
wheels = [
    { url = "https://files.pythonhosted.org/packages/66/34/564db447d083ec7ff93e0a883a597d2f214e552823bfc178a2d0b1f2c257/pyarrow-23.0.0-cp313-cp313-macosx_12_0_arm64.whl", hash = "sha256:ad96a597547af7827342ffb3c503c8316e5043bb09b47a84885ce39394c96e00", size = 34184630, upload-time = "2026-01-18T16:16:22.141Z" },
    { url = "https://files.pythonhosted.org/packages/aa/3a/3999daebcb5e6119690c92a621c4d78eef2ffba7a0a1b56386d2875fcd77/pyarrow-23.0.0-cp313-cp313-macosx_12_0_x86_64.whl", hash = "sha256:b9edf990df77c2901e79608f08c13fbde60202334a4fcadb15c1f57bf7afee43", size = 35796820, upload-time = "2026-01-18T16:16:29.441Z" },
    { url = "https://files.pythonhosted.org/packages/ec/ee/39195233056c6a8d0976d7d1ac1cd4fe21fb0ec534eca76bc23ef3f60e11/pyarrow-23.0.0-cp313-cp313-manylinux_2_28_aarch64.whl", hash = "sha256:36d1b5bc6ddcaff0083ceec7e2561ed61a51f49cce8be079ee8ed406acb6fdef", size = 44438735, upload-time = "2026-01-18T16:16:38.79Z" },
    { url = "https://files.pythonhosted.org/packages/2c/41/6a7328ee493527e7afc0c88d105ecca69a3580e29f2faaeac29308369fd7/pyarrow-23.0.0-cp313-cp313-manylinux_2_28_x86_64.whl", hash = "sha256:4292b889cd224f403304ddda8b63a36e60f92911f89927ec8d98021845ea21be", size = 47557263, upload-time = "2026-01-18T16:16:46.248Z" },
    { url = "https://files.pythonhosted.org/packages/c6/ee/34e95b21ee84db494eae60083ddb4383477b31fb1fd19fd866d794881696/pyarrow-23.0.0-cp313-cp313-musllinux_1_2_aarch64.whl", hash = "sha256:dfd9e133e60eaa847fd80530a1b89a052f09f695d0b9c34c235ea6b2e0924cf7", size = 48153529, upload-time = "2026-01-18T16:16:53.412Z" },
    { url = "https://files.pythonhosted.org/packages/52/88/8a8d83cea30f4563efa1b7bf51d241331ee5cd1b185a7e063f5634eca415/pyarrow-23.0.0-cp313-cp313-musllinux_1_2_x86_64.whl", hash = "sha256:832141cc09fac6aab1cd3719951d23301396968de87080c57c9a7634e0ecd068", size = 50598851, upload-time = "2026-01-18T16:17:01.133Z" },
    { url = "https://files.pythonhosted.org/packages/c6/4c/2929c4be88723ba025e7b3453047dc67e491c9422965c141d24bab6b5962/pyarrow-23.0.0-cp313-cp313-win_amd64.whl", hash = "sha256:7a7d067c9a88faca655c71bcc30ee2782038d59c802d57950826a07f60d83c4c", size = 27577747, upload-time = "2026-01-18T16:18:02.413Z" },
    { url = "https://files.pythonhosted.org/packages/64/52/564a61b0b82d72bd68ec3aef1adda1e3eba776f89134b9ebcb5af4b13cb6/pyarrow-23.0.0-cp313-cp313t-macosx_12_0_arm64.whl", hash = "sha256:ce9486e0535a843cf85d990e2ec5820a47918235183a5c7b8b97ed7e92c2d47d", size = 34446038, upload-time = "2026-01-18T16:17:07.861Z" },
    { url = "https://files.pythonhosted.org/packages/cc/c9/232d4f9855fd1de0067c8a7808a363230d223c83aeee75e0fe6eab851ba9/pyarrow-23.0.0-cp313-cp313t-macosx_12_0_x86_64.whl", hash = "sha256:075c29aeaa685fd1182992a9ed2499c66f084ee54eea47da3eb76e125e06064c", size = 35921142, upload-time = "2026-01-18T16:17:15.401Z" },
    { url = "https://files.pythonhosted.org/packages/96/f2/60af606a3748367b906bb82d41f0032e059f075444445d47e32a7ff1df62/pyarrow-23.0.0-cp313-cp313t-manylinux_2_28_aarch64.whl", hash = "sha256:799965a5379589510d888be3094c2296efd186a17ca1cef5b77703d4d5121f53", size = 44490374, upload-time = "2026-01-18T16:17:23.93Z" },
    { url = "https://files.pythonhosted.org/packages/ff/2d/7731543050a678ea3a413955a2d5d80d2a642f270aa57a3cb7d5a86e3f46/pyarrow-23.0.0-cp313-cp313t-manylinux_2_28_x86_64.whl", hash = "sha256:ef7cac8fe6fccd8b9e7617bfac785b0371a7fe26af59463074e4882747145d40", size = 47527896, upload-time = "2026-01-18T16:17:33.393Z" },
    { url = "https://files.pythonhosted.org/packages/5a/90/f3342553b7ac9879413aed46500f1637296f3c8222107523a43a1c08b42a/pyarrow-23.0.0-cp313-cp313t-musllinux_1_2_aarch64.whl", hash = "sha256:15a414f710dc927132dd67c361f78c194447479555af57317066ee5116b90e9e", size = 48210401, upload-time = "2026-01-18T16:17:42.012Z" },
    { url = "https://files.pythonhosted.org/packages/f3/da/9862ade205ecc46c172b6ce5038a74b5151c7401e36255f15975a45878b2/pyarrow-23.0.0-cp313-cp313t-musllinux_1_2_x86_64.whl", hash = "sha256:3e0d2e6915eca7d786be6a77bf227fbc06d825a75b5b5fe9bcbef121dec32685", size = 50579677, upload-time = "2026-01-18T16:17:50.241Z" },
    { url = "https://files.pythonhosted.org/packages/c2/4c/f11f371f5d4740a5dafc2e11c76bcf42d03dfdb2d68696da97de420b6963/pyarrow-23.0.0-cp313-cp313t-win_amd64.whl", hash = "sha256:4b317ea6e800b5704e5e5929acb6e2dc13e9276b708ea97a39eb8b345aa2658b", size = 27631889, upload-time = "2026-01-18T16:17:56.55Z" },
    { url = "https://files.pythonhosted.org/packages/97/bb/15aec78bcf43a0c004067bd33eb5352836a29a49db8581fc56f2b6ca88b7/pyarrow-23.0.0-cp314-cp314-macosx_12_0_arm64.whl", hash = "sha256:20b187ed9550d233a872074159f765f52f9d92973191cd4b93f293a19efbe377", size = 34213265, upload-time = "2026-01-18T16:18:07.904Z" },
    { url = "https://files.pythonhosted.org/packages/f6/6c/deb2c594bbba41c37c5d9aa82f510376998352aa69dfcb886cb4b18ad80f/pyarrow-23.0.0-cp314-cp314-macosx_12_0_x86_64.whl", hash = "sha256:18ec84e839b493c3886b9b5e06861962ab4adfaeb79b81c76afbd8d84c7d5fda", size = 35819211, upload-time = "2026-01-18T16:18:13.94Z" },
    { url = "https://files.pythonhosted.org/packages/e0/e5/ee82af693cb7b5b2b74f6524cdfede0e6ace779d7720ebca24d68b57c36b/pyarrow-23.0.0-cp314-cp314-manylinux_2_28_aarch64.whl", hash = "sha256:e438dd3f33894e34fd02b26bd12a32d30d006f5852315f611aa4add6c7fab4bc", size = 44502313, upload-time = "2026-01-18T16:18:20.367Z" },
    { url = "https://files.pythonhosted.org/packages/9c/86/95c61ad82236495f3c31987e85135926ba3ec7f3819296b70a68d8066b49/pyarrow-23.0.0-cp314-cp314-manylinux_2_28_x86_64.whl", hash = "sha256:a244279f240c81f135631be91146d7fa0e9e840e1dfed2aba8483eba25cd98e6", size = 47585886, upload-time = "2026-01-18T16:18:27.544Z" },
    { url = "https://files.pythonhosted.org/packages/bb/6e/a72d901f305201802f016d015de1e05def7706fff68a1dedefef5dc7eff7/pyarrow-23.0.0-cp314-cp314-musllinux_1_2_aarch64.whl", hash = "sha256:c4692e83e42438dba512a570c6eaa42be2f8b6c0f492aea27dec54bdc495103a", size = 48207055, upload-time = "2026-01-18T16:18:35.425Z" },
    { url = "https://files.pythonhosted.org/packages/f9/e5/5de029c537630ca18828db45c30e2a78da03675a70ac6c3528203c416fe3/pyarrow-23.0.0-cp314-cp314-musllinux_1_2_x86_64.whl", hash = "sha256:ae7f30f898dfe44ea69654a35c93e8da4cef6606dc4c72394068fd95f8e9f54a", size = 50619812, upload-time = "2026-01-18T16:18:43.553Z" },
    { url = "https://files.pythonhosted.org/packages/59/8d/2af846cd2412e67a087f5bda4a8e23dfd4ebd570f777db2e8686615dafc1/pyarrow-23.0.0-cp314-cp314-win_amd64.whl", hash = "sha256:5b86bb649e4112fb0614294b7d0a175c7513738876b89655605ebb87c804f861", size = 28263851, upload-time = "2026-01-18T16:19:38.567Z" },
    { url = "https://files.pythonhosted.org/packages/7b/7f/caab863e587041156f6786c52e64151b7386742c8c27140f637176e9230e/pyarrow-23.0.0-cp314-cp314t-macosx_12_0_arm64.whl", hash = "sha256:ebc017d765d71d80a3f8584ca0566b53e40464586585ac64176115baa0ada7d3", size = 34463240, upload-time = "2026-01-18T16:18:49.755Z" },
    { url = "https://files.pythonhosted.org/packages/c9/fa/3a5b8c86c958e83622b40865e11af0857c48ec763c11d472c87cd518283d/pyarrow-23.0.0-cp314-cp314t-macosx_12_0_x86_64.whl", hash = "sha256:0800cc58a6d17d159df823f87ad66cefebf105b982493d4bad03ee7fab84b993", size = 35935712, upload-time = "2026-01-18T16:18:55.626Z" },
    { url = "https://files.pythonhosted.org/packages/c5/08/17a62078fc1a53decb34a9aa79cf9009efc74d63d2422e5ade9fed2f99e3/pyarrow-23.0.0-cp314-cp314t-manylinux_2_28_aarch64.whl", hash = "sha256:3a7c68c722da9bb5b0f8c10e3eae71d9825a4b429b40b32709df5d1fa55beb3d", size = 44503523, upload-time = "2026-01-18T16:19:03.958Z" },
    { url = "https://files.pythonhosted.org/packages/cc/70/84d45c74341e798aae0323d33b7c39194e23b1abc439ceaf60a68a7a969a/pyarrow-23.0.0-cp314-cp314t-manylinux_2_28_x86_64.whl", hash = "sha256:bd5556c24622df90551063ea41f559b714aa63ca953db884cfb958559087a14e", size = 47542490, upload-time = "2026-01-18T16:19:11.208Z" },
    { url = "https://files.pythonhosted.org/packages/61/d9/d1274b0e6f19e235de17441e53224f4716574b2ca837022d55702f24d71d/pyarrow-23.0.0-cp314-cp314t-musllinux_1_2_aarch64.whl", hash = "sha256:54810f6e6afc4ffee7c2e0051b61722fbea9a4961b46192dcfae8ea12fa09059", size = 48233605, upload-time = "2026-01-18T16:19:19.544Z" },
    { url = "https://files.pythonhosted.org/packages/39/07/e4e2d568cb57543d84482f61e510732820cddb0f47c4bb7df629abfed852/pyarrow-23.0.0-cp314-cp314t-musllinux_1_2_x86_64.whl", hash = "sha256:14de7d48052cf4b0ed174533eafa3cfe0711b8076ad70bede32cf59f744f0d7c", size = 50603979, upload-time = "2026-01-18T16:19:26.717Z" },
    { url = "https://files.pythonhosted.org/packages/72/9c/47693463894b610f8439b2e970b82ef81e9599c757bf2049365e40ff963c/pyarrow-23.0.0-cp314-cp314t-win_amd64.whl", hash = "sha256:427deac1f535830a744a4f04a6ac183a64fcac4341b3f618e693c41b7b98d2b0", size = 28338905, upload-time = "2026-01-18T16:19:32.93Z" },
]

[[package]]
name = "python-dateutil"
version = "2.9.0.post0"
source = { registry = "https://pypi.org/simple" }
dependencies = [
    { name = "six" },
]
sdist = { url = "https://files.pythonhosted.org/packages/66/c0/0c8b6ad9f17a802ee498c46e004a0eb49bc148f2fd230864601a86dcf6db/python-dateutil-2.9.0.post0.tar.gz", hash = "sha256:37dd54208da7e1cd875388217d5e00ebd4179249f90fb72437e91a35459a0ad3", size = 342432, upload-time = "2024-03-01T18:36:20.211Z" }
wheels = [
    { url = "https://files.pythonhosted.org/packages/ec/57/56b9bcc3c9c6a792fcbaf139543cee77261f3651ca9da0c93f5c1221264b/python_dateutil-2.9.0.post0-py2.py3-none-any.whl", hash = "sha256:a8b2bc7bffae282281c8140a97d3aa9c14da0b136dfe83f850eea9a5f7470427", size = 229892, upload-time = "2024-03-01T18:36:18.57Z" },
]

[[package]]
name = "six"
version = "1.17.0"
source = { registry = "https://pypi.org/simple" }
sdist = { url = "https://files.pythonhosted.org/packages/94/e7/b2c673351809dca68a0e064b6af791aa332cf192da575fd474ed7d6f16a2/six-1.17.0.tar.gz", hash = "sha256:ff70335d468e7eb6ec65b95b99d3a2836546063f63acc5171de367e834932a81", size = 34031, upload-time = "2024-12-04T17:35:28.174Z" }
wheels = [
    { url = "https://files.pythonhosted.org/packages/b7/ce/149a00dd41f10bc29e5921b496af8b574d8413afcd5e30dfa0ed46c2cc5e/six-1.17.0-py2.py3-none-any.whl", hash = "sha256:4721f391ed90541fddacab5acf947aa0d3dc7d27b2e1e8eda2be8970586c3274", size = 11050, upload-time = "2024-12-04T17:35:26.475Z" },
]

[[package]]
name = "tzdata"
version = "2025.3"
source = { registry = "https://pypi.org/simple" }
sdist = { url = "https://files.pythonhosted.org/packages/5e/a7/c202b344c5ca7daf398f3b8a477eeb205cf3b6f32e7ec3a6bac0629ca975/tzdata-2025.3.tar.gz", hash = "sha256:de39c2ca5dc7b0344f2eba86f49d614019d29f060fc4ebc8a417896a620b56a7", size = 196772, upload-time = "2025-12-13T17:45:35.667Z" }
wheels = [
    { url = "https://files.pythonhosted.org/packages/c7/b0/003792df09decd6849a5e39c28b513c06e84436a54440380862b5aeff25d/tzdata-2025.3-py2.py3-none-any.whl", hash = "sha256:06a47e5700f3081aab02b2e513160914ff0694bce9947d6b76ebd6bf57cfc5d1", size = 348521, upload-time = "2025-12-13T17:45:33.889Z" },
]
